// !$*UTF8*$!
{
	archiveVersion = 1;
	classes = {
	};
	objectVersion = 55;
	objects = {

/* Begin PBXBuildFile section */
		4C461DA42819C8CA00CCCDAC /* PersonNamerView.swift in Sources */ = {isa = PBXBuildFile; fileRef = 4C461DA32819C8CA00CCCDAC /* PersonNamerView.swift */; };
		4C461DA6281A10DA00CCCDAC /* DetailView.swift in Sources */ = {isa = PBXBuildFile; fileRef = 4C461DA5281A10DA00CCCDAC /* DetailView.swift */; };
		4C461DA8281A24A100CCCDAC /* EncodeDecodeFMext.swift in Sources */ = {isa = PBXBuildFile; fileRef = 4C461DA7281A24A100CCCDAC /* EncodeDecodeFMext.swift */; };
		4C9A47B52819869200CDD3A8 /* RememberNamesApp.swift in Sources */ = {isa = PBXBuildFile; fileRef = 4C9A47B42819869200CDD3A8 /* RememberNamesApp.swift */; };
		4C9A47B72819869200CDD3A8 /* ContentView.swift in Sources */ = {isa = PBXBuildFile; fileRef = 4C9A47B62819869200CDD3A8 /* ContentView.swift */; };
		4C9A47B92819869200CDD3A8 /* Assets.xcassets in Resources */ = {isa = PBXBuildFile; fileRef = 4C9A47B82819869200CDD3A8 /* Assets.xcassets */; };
		4C9A47BC2819869200CDD3A8 /* Preview Assets.xcassets in Resources */ = {isa = PBXBuildFile; fileRef = 4C9A47BB2819869200CDD3A8 /* Preview Assets.xcassets */; };
		4C9A47C52819872D00CDD3A8 /* Brief.rtf in Resources */ = {isa = PBXBuildFile; fileRef = 4C9A47C42819872D00CDD3A8 /* Brief.rtf */; };
		4C9A47C7281988BB00CDD3A8 /* ImagePicker.swift in Sources */ = {isa = PBXBuildFile; fileRef = 4C9A47C6281988BB00CDD3A8 /* ImagePicker.swift */; };
		4C9FF39528199C7400E971A2 /* Person.swift in Sources */ = {isa = PBXBuildFile; fileRef = 4C9FF39428199C7400E971A2 /* Person.swift */; };
/* End PBXBuildFile section */

/* Begin PBXFileReference section */
		4C461DA32819C8CA00CCCDAC /* PersonNamerView.swift */ = {isa = PBXFileReference; lastKnownFileType = sourcecode.swift; path = PersonNamerView.swift; sourceTree = "<group>"; };
		4C461DA5281A10DA00CCCDAC /* DetailView.swift */ = {isa = PBXFileReference; lastKnownFileType = sourcecode.swift; path = DetailView.swift; sourceTree = "<group>"; };
		4C461DA7281A24A100CCCDAC /* EncodeDecodeFMext.swift */ = {isa = PBXFileReference; lastKnownFileType = sourcecode.swift; path = EncodeDecodeFMext.swift; sourceTree = "<group>"; };
		4C9A47B12819869200CDD3A8 /* RememberNames.app */ = {isa = PBXFileReference; explicitFileType = wrapper.application; includeInIndex = 0; path = RememberNames.app; sourceTree = BUILT_PRODUCTS_DIR; };
		4C9A47B42819869200CDD3A8 /* RememberNamesApp.swift */ = {isa = PBXFileReference; lastKnownFileType = sourcecode.swift; path = RememberNamesApp.swift; sourceTree = "<group>"; };
		4C9A47B62819869200CDD3A8 /* ContentView.swift */ = {isa = PBXFileReference; lastKnownFileType = sourcecode.swift; path = ContentView.swift; sourceTree = "<group>"; };
		4C9A47B82819869200CDD3A8 /* Assets.xcassets */ = {isa = PBXFileReference; lastKnownFileType = folder.assetcatalog; path = Assets.xcassets; sourceTree = "<group>"; };
		4C9A47BB2819869200CDD3A8 /* Preview Assets.xcassets */ = {isa = PBXFileReference; lastKnownFileType = folder.assetcatalog; path = "Preview Assets.xcassets"; sourceTree = "<group>"; };
		4C9A47C42819872D00CDD3A8 /* Brief.rtf */ = {isa = PBXFileReference; lastKnownFileType = text.rtf; path = Brief.rtf; sourceTree = "<group>"; };
		4C9A47C6281988BB00CDD3A8 /* ImagePicker.swift */ = {isa = PBXFileReference; lastKnownFileType = sourcecode.swift; path = ImagePicker.swift; sourceTree = "<group>"; };
		4C9FF39428199C7400E971A2 /* Person.swift */ = {isa = PBXFileReference; lastKnownFileType = sourcecode.swift; path = Person.swift; sourceTree = "<group>"; };
/* End PBXFileReference section */

/* Begin PBXFrameworksBuildPhase section */
		4C9A47AE2819869200CDD3A8 /* Frameworks */ = {
			isa = PBXFrameworksBuildPhase;
			buildActionMask = 2147483647;
			files = (
			);
			runOnlyForDeploymentPostprocessing = 0;
		};
/* End PBXFrameworksBuildPhase section */

/* Begin PBXGroup section */
		4C9A47A82819869200CDD3A8 = {
			isa = PBXGroup;
			children = (
				4C9A47B32819869200CDD3A8 /* RememberNames */,
				4C9A47B22819869200CDD3A8 /* Products */,
			);
			sourceTree = "<group>";
		};
		4C9A47B22819869200CDD3A8 /* Products */ = {
			isa = PBXGroup;
			children = (
				4C9A47B12819869200CDD3A8 /* RememberNames.app */,
			);
			name = Products;
			sourceTree = "<group>";
		};
		4C9A47B32819869200CDD3A8 /* RememberNames */ = {
			isa = PBXGroup;
			children = (
				4C9A47B42819869200CDD3A8 /* RememberNamesApp.swift */,
				4C9A47C42819872D00CDD3A8 /* Brief.rtf */,
				4C9A47C6281988BB00CDD3A8 /* ImagePicker.swift */,
				4C9A47B62819869200CDD3A8 /* ContentView.swift */,
				4C461DA5281A10DA00CCCDAC /* DetailView.swift */,
				4C9FF39428199C7400E971A2 /* Person.swift */,
				4C461DA7281A24A100CCCDAC /* EncodeDecodeFMext.swift */,
				4C461DA32819C8CA00CCCDAC /* PersonNamerView.swift */,
				4C9A47B82819869200CDD3A8 /* Assets.xcassets */,
				4C9A47BA2819869200CDD3A8 /* Preview Content */,
			);
			path = RememberNames;
			sourceTree = "<group>";
		};
		4C9A47BA2819869200CDD3A8 /* Preview Content */ = {
			isa = PBXGroup;
			children = (
				4C9A47BB2819869200CDD3A8 /* Preview Assets.xcassets */,
			);
			path = "Preview Content";
			sourceTree = "<group>";
		};
/* End PBXGroup section */

/* Begin PBXNativeTarget section */
		4C9A47B02819869200CDD3A8 /* RememberNames */ = {
			isa = PBXNativeTarget;
			buildConfigurationList = 4C9A47BF2819869200CDD3A8 /* Build configuration list for PBXNativeTarget "RememberNames" */;
			buildPhases = (
				4C9A47AD2819869200CDD3A8 /* Sources */,
				4C9A47AE2819869200CDD3A8 /* Frameworks */,
				4C9A47AF2819869200CDD3A8 /* Resources */,
			);
			buildRules = (
			);
			dependencies = (
			);
			name = RememberNames;
			productName = RememberNames;
			productReference = 4C9A47B12819869200CDD3A8 /* RememberNames.app */;
			productType = "com.apple.product-type.application";
		};
/* End PBXNativeTarget section */

/* Begin PBXProject section */
		4C9A47A92819869200CDD3A8 /* Project object */ = {
			isa = PBXProject;
			attributes = {
				BuildIndependentTargetsInParallel = 1;
				LastSwiftUpdateCheck = 1330;
				LastUpgradeCheck = 1330;
				TargetAttributes = {
					4C9A47B02819869200CDD3A8 = {
						CreatedOnToolsVersion = 13.3;
					};
				};
			};
			buildConfigurationList = 4C9A47AC2819869200CDD3A8 /* Build configuration list for PBXProject "RememberNames" */;
			compatibilityVersion = "Xcode 13.0";
			developmentRegion = en;
			hasScannedForEncodings = 0;
			knownRegions = (
				en,
				Base,
			);
			mainGroup = 4C9A47A82819869200CDD3A8;
			productRefGroup = 4C9A47B22819869200CDD3A8 /* Products */;
			projectDirPath = "";
			projectRoot = "";
			targets = (
				4C9A47B02819869200CDD3A8 /* RememberNames */,
			);
		};
/* End PBXProject section */

/* Begin PBXResourcesBuildPhase section */
		4C9A47AF2819869200CDD3A8 /* Resources */ = {
			isa = PBXResourcesBuildPhase;
			buildActionMask = 2147483647;
			files = (
				4C9A47C52819872D00CDD3A8 /* Brief.rtf in Resources */,
				4C9A47BC2819869200CDD3A8 /* Preview Assets.xcassets in Resources */,
				4C9A47B92819869200CDD3A8 /* Assets.xcassets in Resources */,
			);
			runOnlyForDeploymentPostprocessing = 0;
		};
/* End PBXResourcesBuildPhase section */

/* Begin PBXSourcesBuildPhase section */
		4C9A47AD2819869200CDD3A8 /* Sources */ = {
			isa = PBXSourcesBuildPhase;
			buildActionMask = 2147483647;
			files = (
				4C9A47C7281988BB00CDD3A8 /* ImagePicker.swift in Sources */,
				4C461DA8281A24A100CCCDAC /* EncodeDecodeFMext.swift in Sources */,
				4C461DA6281A10DA00CCCDAC /* DetailView.swift in Sources */,
				4C461DA42819C8CA00CCCDAC /* PersonNamerView.swift in Sources */,
				4C9A47B72819869200CDD3A8 /* ContentView.swift in Sources */,
				4C9FF39528199C7400E971A2 /* Person.swift in Sources */,
				4C9A47B52819869200CDD3A8 /* RememberNamesApp.swift in Sources */,
			);
			runOnlyForDeploymentPostprocessing = 0;
		};
/* End PBXSourcesBuildPhase section */

/* Begin XCBuildConfiguration section */
		4C9A47BD2819869200CDD3A8 /* Debug */ = {
			isa = XCBuildConfiguration;
			buildSettings = {
				ALWAYS_SEARCH_USER_PATHS = NO;
				CLANG_ANALYZER_NONNULL = YES;
				CLANG_ANALYZER_NUMBER_OBJECT_CONVERSION = YES_AGGRESSIVE;
				CLANG_CXX_LANGUAGE_STANDARD = "gnu++17";
				CLANG_ENABLE_MODULES = YES;
				CLANG_ENABLE_OBJC_ARC = YES;
				CLANG_ENABLE_OBJC_WEAK = YES;
				CLANG_WARN_BLOCK_CAPTURE_AUTORELEASING = YES;
				CLANG_WARN_BOOL_CONVERSION = YES;
				CLANG_WARN_COMMA = YES;
				CLANG_WARN_CONSTANT_CONVERSION = YES;
				CLANG_WARN_DEPRECATED_OBJC_IMPLEMENTATIONS = YES;
				CLANG_WARN_DIRECT_OBJC_ISA_USAGE = YES_ERROR;
				CLANG_WARN_DOCUMENTATION_COMMENTS = YES;
				CLANG_WARN_EMPTY_BODY = YES;
				CLANG_WARN_ENUM_CONVERSION = YES;
				CLANG_WARN_INFINITE_RECURSION = YES;
				CLANG_WARN_INT_CONVERSION = YES;
				CLANG_WARN_NON_LITERAL_NULL_CONVERSION = YES;
				CLANG_WARN_OBJC_IMPLICIT_RETAIN_SELF = YES;
				CLANG_WARN_OBJC_LITERAL_CONVERSION = YES;
				CLANG_WARN_OBJC_ROOT_CLASS = YES_ERROR;
				CLANG_WARN_QUOTED_INCLUDE_IN_FRAMEWORK_HEADER = YES;
				CLANG_WARN_RANGE_LOOP_ANALYSIS = YES;
				CLANG_WARN_STRICT_PROTOTYPES = YES;
				CLANG_WARN_SUSPICIOUS_MOVE = YES;
				CLANG_WARN_UNGUARDED_AVAILABILITY = YES_AGGRESSIVE;
				CLANG_WARN_UNREACHABLE_CODE = YES;
				CLANG_WARN__DUPLICATE_METHOD_MATCH = YES;
				COPY_PHASE_STRIP = NO;
				DEBUG_INFORMATION_FORMAT = dwarf;
				ENABLE_STRICT_OBJC_MSGSEND = YES;
				ENABLE_TESTABILITY = YES;
				GCC_C_LANGUAGE_STANDARD = gnu11;
				GCC_DYNAMIC_NO_PIC = NO;
				GCC_NO_COMMON_BLOCKS = YES;
				GCC_OPTIMIZATION_LEVEL = 0;
				GCC_PREPROCESSOR_DEFINITIONS = (
					"DEBUG=1",
					"$(inherited)",
				);
				GCC_WARN_64_TO_32_BIT_CONVERSION = YES;
				GCC_WARN_ABOUT_RETURN_TYPE = YES_ERROR;
				GCC_WARN_UNDECLARED_SELECTOR = YES;
				GCC_WARN_UNINITIALIZED_AUTOS = YES_AGGRESSIVE;
				GCC_WARN_UNUSED_FUNCTION = YES;
				GCC_WARN_UNUSED_VARIABLE = YES;
				IPHONEOS_DEPLOYMENT_TARGET = 15.4;
				MTL_ENABLE_DEBUG_INFO = INCLUDE_SOURCE;
				MTL_FAST_MATH = YES;
				ONLY_ACTIVE_ARCH = YES;
				SDKROOT = iphoneos;
				SWIFT_ACTIVE_COMPILATION_CONDITIONS = DEBUG;
				SWIFT_OPTIMIZATION_LEVEL = "-Onone";
			};
			name = Debug;
		};
		4C9A47BE2819869200CDD3A8 /* Release */ = {
			isa = XCBuildConfiguration;
			buildSettings = {
				ALWAYS_SEARCH_USER_PATHS = NO;
				CLANG_ANALYZER_NONNULL = YES;
				CLANG_ANALYZER_NUMBER_OBJECT_CONVERSION = YES_AGGRESSIVE;
				CLANG_CXX_LANGUAGE_STANDARD = "gnu++17";
				CLANG_ENABLE_MODULES = YES;
				CLANG_ENABLE_OBJC_ARC = YES;
				CLANG_ENABLE_OBJC_WEAK = YES;
				CLANG_WARN_BLOCK_CAPTURE_AUTORELEASING = YES;
				CLANG_WARN_BOOL_CONVERSION = YES;
				CLANG_WARN_COMMA = YES;
				CLANG_WARN_CONSTANT_CONVERSION = YES;
				CLANG_WARN_DEPRECATED_OBJC_IMPLEMENTATIONS = YES;
				CLANG_WARN_DIRECT_OBJC_ISA_USAGE = YES_ERROR;
				CLANG_WARN_DOCUMENTATION_COMMENTS = YES;
				CLANG_WARN_EMPTY_BODY = YES;
				CLANG_WARN_ENUM_CONVERSION = YES;
				CLANG_WARN_INFINITE_RECURSION = YES;
				CLANG_WARN_INT_CONVERSION = YES;
				CLANG_WARN_NON_LITERAL_NULL_CONVERSION = YES;
				CLANG_WARN_OBJC_IMPLICIT_RETAIN_SELF = YES;
				CLANG_WARN_OBJC_LITERAL_CONVERSION = YES;
				CLANG_WARN_OBJC_ROOT_CLASS = YES_ERROR;
				CLANG_WARN_QUOTED_INCLUDE_IN_FRAMEWORK_HEADER = YES;
				CLANG_WARN_RANGE_LOOP_ANALYSIS = YES;
				CLANG_WARN_STRICT_PROTOTYPES = YES;
				CLANG_WARN_SUSPICIOUS_MOVE = YES;
				CLANG_WARN_UNGUARDED_AVAILABILITY = YES_AGGRESSIVE;
				CLANG_WARN_UNREACHABLE_CODE = YES;
				CLANG_WARN__DUPLICATE_METHOD_MATCH = YES;
				COPY_PHASE_STRIP = NO;
				DEBUG_INFORMATION_FORMAT = "dwarf-with-dsym";
				ENABLE_NS_ASSERTIONS = NO;
				ENABLE_STRICT_OBJC_MSGSEND = YES;
				GCC_C_LANGUAGE_STANDARD = gnu11;
				GCC_NO_COMMON_BLOCKS = YES;
				GCC_WARN_64_TO_32_BIT_CONVERSION = YES;
				GCC_WARN_ABOUT_RETURN_TYPE = YES_ERROR;
				GCC_WARN_UNDECLARED_SELECTOR = YES;
				GCC_WARN_UNINITIALIZED_AUTOS = YES_AGGRESSIVE;
				GCC_WARN_UNUSED_FUNCTION = YES;
				GCC_WARN_UNUSED_VARIABLE = YES;
				IPHONEOS_DEPLOYMENT_TARGET = 15.4;
				MTL_ENABLE_DEBUG_INFO = NO;
				MTL_FAST_MATH = YES;
				SDKROOT = iphoneos;
				SWIFT_COMPILATION_MODE = wholemodule;
				SWIFT_OPTIMIZATION_LEVEL = "-O";
				VALIDATE_PRODUCT = YES;
			};
			name = Release;
		};
		4C9A47C02819869200CDD3A8 /* Debug */ = {
			isa = XCBuildConfiguration;
			buildSettings = {
				ASSETCATALOG_COMPILER_APPICON_NAME = AppIcon;
				ASSETCATALOG_COMPILER_GLOBAL_ACCENT_COLOR_NAME = AccentColor;
				CODE_SIGN_STYLE = Automatic;
				CURRENT_PROJECT_VERSION = 1;
				DEVELOPMENT_ASSET_PATHS = "\"RememberNames/Preview Content\"";
				DEVELOPMENT_TEAM = KPB567M9GJ;
				ENABLE_PREVIEWS = YES;
				GENERATE_INFOPLIST_FILE = YES;
				INFOPLIST_KEY_UIApplicationSceneManifest_Generation = YES;
				INFOPLIST_KEY_UIApplicationSupportsIndirectInputEvents = YES;
				INFOPLIST_KEY_UILaunchScreen_Generation = YES;
				INFOPLIST_KEY_UISupportedInterfaceOrientations_iPad = "UIInterfaceOrientationPortrait UIInterfaceOrientationPortraitUpsideDown UIInterfaceOrientationLandscapeLeft UIInterfaceOrientationLandscapeRight";
				INFOPLIST_KEY_UISupportedInterfaceOrientations_iPhone = "UIInterfaceOrientationPortrait UIInterfaceOrientationLandscapeLeft UIInterfaceOrientationLandscapeRight";
				IPHONEOS_DEPLOYMENT_TARGET = 15.0;
				LD_RUNPATH_SEARCH_PATHS = (
					"$(inherited)",
					"@executable_path/Frameworks",
				);
				MARKETING_VERSION = 1.0;
				PRODUCT_BUNDLE_IDENTIFIER = net.peterh.RememberNames;
				PRODUCT_NAME = "$(TARGET_NAME)";
				SWIFT_EMIT_LOC_STRINGS = YES;
				SWIFT_VERSION = 5.0;
				TARGETED_DEVICE_FAMILY = "1,2";
			};
			name = Debug;
		};
		4C9A47C12819869200CDD3A8 /* Release */ = {
			isa = XCBuildConfiguration;
			buildSettings = {
				ASSETCATALOG_COMPILER_APPICON_NAME = AppIcon;
				ASSETCATALOG_COMPILER_GLOBAL_ACCENT_COLOR_NAME = AccentColor;
				CODE_SIGN_STYLE = Automatic;
				CURRENT_PROJECT_VERSION = 1;
				DEVELOPMENT_ASSET_PATHS = "\"RememberNames/Preview Content\"";
				DEVELOPMENT_TEAM = KPB567M9GJ;
				ENABLE_PREVIEWS = YES;
				GENERATE_INFOPLIST_FILE = YES;
				INFOPLIST_KEY_UIApplicationSceneManifest_Generation = YES;
				INFOPLIST_KEY_UIApplicationSupportsIndirectInputEvents = YES;
				INFOPLIST_KEY_UILaunchScreen_Generation = YES;
				INFOPLIST_KEY_UISupportedInterfaceOrientations_iPad = "UIInterfaceOrientationPortrait UIInterfaceOrientationPortraitUpsideDown UIInterfaceOrientationLandscapeLeft UIInterfaceOrientationLandscapeRight";
				INFOPLIST_KEY_UISupportedInterfaceOrientations_iPhone = "UIInterfaceOrientationPortrait UIInterfaceOrientationLandscapeLeft UIInterfaceOrientationLandscapeRight";
				IPHONEOS_DEPLOYMENT_TARGET = 15.0;
				LD_RUNPATH_SEARCH_PATHS = (
					"$(inherited)",
					"@executable_path/Frameworks",
				);
				MARKETING_VERSION = 1.0;
				PRODUCT_BUNDLE_IDENTIFIER = net.peterh.RememberNames;
				PRODUCT_NAME = "$(TARGET_NAME)";
				SWIFT_EMIT_LOC_STRINGS = YES;
				SWIFT_VERSION = 5.0;
				TARGETED_DEVICE_FAMILY = "1,2";
			};
			name = Release;
		};
/* End XCBuildConfiguration section */

/* Begin XCConfigurationList section */
		4C9A47AC2819869200CDD3A8 /* Build configuration list for PBXProject "RememberNames" */ = {
			isa = XCConfigurationList;
			buildConfigurations = (
				4C9A47BD2819869200CDD3A8 /* Debug */,
				4C9A47BE2819869200CDD3A8 /* Release */,
			);
			defaultConfigurationIsVisible = 0;
			defaultConfigurationName = Release;
		};
		4C9A47BF2819869200CDD3A8 /* Build configuration list for PBXNativeTarget "RememberNames" */ = {
			isa = XCConfigurationList;
			buildConfigurations = (
				4C9A47C02819869200CDD3A8 /* Debug */,
				4C9A47C12819869200CDD3A8 /* Release */,
			);
			defaultConfigurationIsVisible = 0;
			defaultConfigurationName = Release;
		};
/* End XCConfigurationList section */
	};
	rootObject = 4C9A47A92819869200CDD3A8 /* Project object */;
}
